// !$*UTF8*$!
{
	archiveVersion = 1;
	classes = {
	};
	objectVersion = 46;
	objects = {

/* Begin PBXBuildFile section */
		5A25E06D1D06A60F00E5A652 /* main.m in Sources */ = {isa = PBXBuildFile; fileRef = 5A25E06C1D06A60F00E5A652 /* main.m */; };
		5A25E0701D06A60F00E5A652 /* AppDelegate.m in Sources */ = {isa = PBXBuildFile; fileRef = 5A25E06F1D06A60F00E5A652 /* AppDelegate.m */; };
		5A25E0731D06A60F00E5A652 /* ViewController.m in Sources */ = {isa = PBXBuildFile; fileRef = 5A25E0721D06A60F00E5A652 /* ViewController.m */; };
		5A25E0761D06A60F00E5A652 /* Main.storyboard in Resources */ = {isa = PBXBuildFile; fileRef = 5A25E0741D06A60F00E5A652 /* Main.storyboard */; };
		5A25E0781D06A60F00E5A652 /* Assets.xcassets in Resources */ = {isa = PBXBuildFile; fileRef = 5A25E0771D06A60F00E5A652 /* Assets.xcassets */; };
		5A25E07B1D06A60F00E5A652 /* LaunchScreen.storyboard in Resources */ = {isa = PBXBuildFile; fileRef = 5A25E0791D06A60F00E5A652 /* LaunchScreen.storyboard */; };
		5A25E0A71D06AC5F00E5A652 /* KeyboardController.m in Sources */ = {isa = PBXBuildFile; fileRef = 5A25E0A61D06AC5F00E5A652 /* KeyboardController.m */; };
		5A25E0AA1D06AC6A00E5A652 /* InputController.m in Sources */ = {isa = PBXBuildFile; fileRef = 5A25E0A91D06AC6A00E5A652 /* InputController.m */; };
		5A25E0AD1D06AEF300E5A652 /* NumKeyboardView.m in Sources */ = {isa = PBXBuildFile; fileRef = 5A25E0AC1D06AEF300E5A652 /* NumKeyboardView.m */; };
		5A25E0B21D06B27A00E5A652 /* NSString+Extension.m in Sources */ = {isa = PBXBuildFile; fileRef = 5A25E0AF1D06B27A00E5A652 /* NSString+Extension.m */; };
		5A25E0B31D06B27A00E5A652 /* PswTextView.m in Sources */ = {isa = PBXBuildFile; fileRef = 5A25E0B11D06B27A00E5A652 /* PswTextView.m */; };
/* End PBXBuildFile section */

/* Begin PBXFileReference section */
		5A25E0681D06A60F00E5A652 /* keyboard&input.app */ = {isa = PBXFileReference; explicitFileType = wrapper.application; includeInIndex = 0; path = "keyboard&input.app"; sourceTree = BUILT_PRODUCTS_DIR; };
		5A25E06C1D06A60F00E5A652 /* main.m */ = {isa = PBXFileReference; lastKnownFileType = sourcecode.c.objc; path = main.m; sourceTree = "<group>"; };
		5A25E06E1D06A60F00E5A652 /* AppDelegate.h */ = {isa = PBXFileReference; lastKnownFileType = sourcecode.c.h; path = AppDelegate.h; sourceTree = "<group>"; };
		5A25E06F1D06A60F00E5A652 /* AppDelegate.m */ = {isa = PBXFileReference; lastKnownFileType = sourcecode.c.objc; path = AppDelegate.m; sourceTree = "<group>"; };
		5A25E0711D06A60F00E5A652 /* ViewController.h */ = {isa = PBXFileReference; lastKnownFileType = sourcecode.c.h; path = ViewController.h; sourceTree = "<group>"; };
		5A25E0721D06A60F00E5A652 /* ViewController.m */ = {isa = PBXFileReference; lastKnownFileType = sourcecode.c.objc; path = ViewController.m; sourceTree = "<group>"; };
		5A25E0751D06A60F00E5A652 /* Base */ = {isa = PBXFileReference; lastKnownFileType = file.storyboard; name = Base; path = Base.lproj/Main.storyboard; sourceTree = "<group>"; };
		5A25E0771D06A60F00E5A652 /* Assets.xcassets */ = {isa = PBXFileReference; lastKnownFileType = folder.assetcatalog; path = Assets.xcassets; sourceTree = "<group>"; };
		5A25E07A1D06A60F00E5A652 /* Base */ = {isa = PBXFileReference; lastKnownFileType = file.storyboard; name = Base; path = Base.lproj/LaunchScreen.storyboard; sourceTree = "<group>"; };
		5A25E07C1D06A60F00E5A652 /* Info.plist */ = {isa = PBXFileReference; lastKnownFileType = text.plist.xml; path = Info.plist; sourceTree = "<group>"; };
		5A25E0A51D06AC5F00E5A652 /* KeyboardController.h */ = {isa = PBXFileReference; fileEncoding = 4; lastKnownFileType = sourcecode.c.h; path = KeyboardController.h; sourceTree = "<group>"; };
		5A25E0A61D06AC5F00E5A652 /* KeyboardController.m */ = {isa = PBXFileReference; fileEncoding = 4; lastKnownFileType = sourcecode.c.objc; path = KeyboardController.m; sourceTree = "<group>"; };
		5A25E0A81D06AC6A00E5A652 /* InputController.h */ = {isa = PBXFileReference; fileEncoding = 4; lastKnownFileType = sourcecode.c.h; path = InputController.h; sourceTree = "<group>"; };
		5A25E0A91D06AC6A00E5A652 /* InputController.m */ = {isa = PBXFileReference; fileEncoding = 4; lastKnownFileType = sourcecode.c.objc; path = InputController.m; sourceTree = "<group>"; };
		5A25E0AB1D06AEF300E5A652 /* NumKeyboardView.h */ = {isa = PBXFileReference; fileEncoding = 4; lastKnownFileType = sourcecode.c.h; path = NumKeyboardView.h; sourceTree = "<group>"; };
		5A25E0AC1D06AEF300E5A652 /* NumKeyboardView.m */ = {isa = PBXFileReference; fileEncoding = 4; lastKnownFileType = sourcecode.c.objc; path = NumKeyboardView.m; sourceTree = "<group>"; };
		5A25E0AE1D06B27A00E5A652 /* NSString+Extension.h */ = {isa = PBXFileReference; fileEncoding = 4; lastKnownFileType = sourcecode.c.h; path = "NSString+Extension.h"; sourceTree = "<group>"; };
		5A25E0AF1D06B27A00E5A652 /* NSString+Extension.m */ = {isa = PBXFileReference; fileEncoding = 4; lastKnownFileType = sourcecode.c.objc; path = "NSString+Extension.m"; sourceTree = "<group>"; };
		5A25E0B01D06B27A00E5A652 /* PswTextView.h */ = {isa = PBXFileReference; fileEncoding = 4; lastKnownFileType = sourcecode.c.h; path = PswTextView.h; sourceTree = "<group>"; };
		5A25E0B11D06B27A00E5A652 /* PswTextView.m */ = {isa = PBXFileReference; fileEncoding = 4; lastKnownFileType = sourcecode.c.objc; path = PswTextView.m; sourceTree = "<group>"; };
/* End PBXFileReference section */

/* Begin PBXFrameworksBuildPhase section */
		5A25E0651D06A60F00E5A652 /* Frameworks */ = {
			isa = PBXFrameworksBuildPhase;
			buildActionMask = 2147483647;
			files = (
			);
			runOnlyForDeploymentPostprocessing = 0;
		};
/* End PBXFrameworksBuildPhase section */

/* Begin PBXGroup section */
		5A25E05F1D06A60E00E5A652 = {
			isa = PBXGroup;
			children = (
				5A25E06A1D06A60F00E5A652 /* keyboard&input */,
				5A25E0691D06A60F00E5A652 /* Products */,
			);
			sourceTree = "<group>";
		};
		5A25E0691D06A60F00E5A652 /* Products */ = {
			isa = PBXGroup;
			children = (
				5A25E0681D06A60F00E5A652 /* keyboard&input.app */,
			);
			name = Products;
			sourceTree = "<group>";
		};
		5A25E06A1D06A60F00E5A652 /* keyboard&input */ = {
			isa = PBXGroup;
			children = (
				5A25E0AE1D06B27A00E5A652 /* NSString+Extension.h */,
				5A25E0AF1D06B27A00E5A652 /* NSString+Extension.m */,
				5A25E0B01D06B27A00E5A652 /* PswTextView.h */,
				5A25E0B11D06B27A00E5A652 /* PswTextView.m */,
				5A25E0AB1D06AEF300E5A652 /* NumKeyboardView.h */,
				5A25E0AC1D06AEF300E5A652 /* NumKeyboardView.m */,
				5A25E06E1D06A60F00E5A652 /* AppDelegate.h */,
				5A25E06F1D06A60F00E5A652 /* AppDelegate.m */,
				5A25E0711D06A60F00E5A652 /* ViewController.h */,
				5A25E0721D06A60F00E5A652 /* ViewController.m */,
				5A25E0741D06A60F00E5A652 /* Main.storyboard */,
				5A25E0771D06A60F00E5A652 /* Assets.xcassets */,
				5A25E0791D06A60F00E5A652 /* LaunchScreen.storyboard */,
				5A25E07C1D06A60F00E5A652 /* Info.plist */,
				5A25E06B1D06A60F00E5A652 /* Supporting Files */,
				5A25E0A51D06AC5F00E5A652 /* KeyboardController.h */,
				5A25E0A61D06AC5F00E5A652 /* KeyboardController.m */,
				5A25E0A81D06AC6A00E5A652 /* InputController.h */,
				5A25E0A91D06AC6A00E5A652 /* InputController.m */,
			);
			path = "keyboard&input";
			sourceTree = "<group>";
		};
		5A25E06B1D06A60F00E5A652 /* Supporting Files */ = {
			isa = PBXGroup;
			children = (
				5A25E06C1D06A60F00E5A652 /* main.m */,
			);
			name = "Supporting Files";
			sourceTree = "<group>";
		};
/* End PBXGroup section */

/* Begin PBXNativeTarget section */
		5A25E0671D06A60F00E5A652 /* keyboard&input */ = {
			isa = PBXNativeTarget;
			buildConfigurationList = 5A25E07F1D06A60F00E5A652 /* Build configuration list for PBXNativeTarget "keyboard&input" */;
			buildPhases = (
				5A25E0641D06A60F00E5A652 /* Sources */,
				5A25E0651D06A60F00E5A652 /* Frameworks */,
				5A25E0661D06A60F00E5A652 /* Resources */,
			);
			buildRules = (
			);
			dependencies = (
			);
			name = "keyboard&input";
			productName = "keyboard&input";
			productReference = 5A25E0681D06A60F00E5A652 /* keyboard&input.app */;
			productType = "com.apple.product-type.application";
		};
/* End PBXNativeTarget section */

/* Begin PBXProject section */
		5A25E0601D06A60E00E5A652 /* Project object */ = {
			isa = PBXProject;
			attributes = {
				LastUpgradeCheck = 0720;
				ORGANIZATIONNAME = liu;
				TargetAttributes = {
					5A25E0671D06A60F00E5A652 = {
						CreatedOnToolsVersion = 7.2;
					};
				};
			};
			buildConfigurationList = 5A25E0631D06A60E00E5A652 /* Build configuration list for PBXProject "keyboard&input" */;
			compatibilityVersion = "Xcode 3.2";
			developmentRegion = English;
			hasScannedForEncodings = 0;
			knownRegions = (
				en,
				Base,
			);
			mainGroup = 5A25E05F1D06A60E00E5A652;
			productRefGroup = 5A25E0691D06A60F00E5A652 /* Products */;
			projectDirPath = "";
			projectRoot = "";
			targets = (
				5A25E0671D06A60F00E5A652 /* keyboard&input */,
			);
		};
/* End PBXProject section */

/* Begin PBXResourcesBuildPhase section */
		5A25E0661D06A60F00E5A652 /* Resources */ = {
			isa = PBXResourcesBuildPhase;
			buildActionMask = 2147483647;
			files = (
				5A25E07B1D06A60F00E5A652 /* LaunchScreen.storyboard in Resources */,
				5A25E0781D06A60F00E5A652 /* Assets.xcassets in Resources */,
				5A25E0761D06A60F00E5A652 /* Main.storyboard in Resources */,
			);
			runOnlyForDeploymentPostprocessing = 0;
		};
/* End PBXResourcesBuildPhase section */

/* Begin PBXSourcesBuildPhase section */
		5A25E0641D06A60F00E5A652 /* Sources */ = {
			isa = PBXSourcesBuildPhase;
			buildActionMask = 2147483647;
			files = (
				5A25E0A71D06AC5F00E5A652 /* KeyboardController.m in Sources */,
				5A25E0AA1D06AC6A00E5A652 /* InputController.m in Sources */,
				5A25E0B31D06B27A00E5A652 /* PswTextView.m in Sources */,
				5A25E0731D06A60F00E5A652 /* ViewController.m in Sources */,
				5A25E0701D06A60F00E5A652 /* AppDelegate.m in Sources */,
				5A25E0AD1D06AEF300E5A652 /* NumKeyboardView.m in Sources */,
				5A25E06D1D06A60F00E5A652 /* main.m in Sources */,
				5A25E0B21D06B27A00E5A652 /* NSString+Extension.m in Sources */,
			);
			runOnlyForDeploymentPostprocessing = 0;
		};
/* End PBXSourcesBuildPhase section */

/* Begin PBXVariantGroup section */
		5A25E0741D06A60F00E5A652 /* Main.storyboard */ = {
			isa = PBXVariantGroup;
			children = (
				5A25E0751D06A60F00E5A652 /* Base */,
			);
			name = Main.storyboard;
			sourceTree = "<group>";
		};
		5A25E0791D06A60F00E5A652 /* LaunchScreen.storyboard */ = {
			isa = PBXVariantGroup;
			children = (
				5A25E07A1D06A60F00E5A652 /* Base */,
			);
			name = LaunchScreen.storyboard;
			sourceTree = "<group>";
		};
/* End PBXVariantGroup section */

/* Begin XCBuildConfiguration section */
		5A25E07D1D06A60F00E5A652 /* Debug */ = {
			isa = XCBuildConfiguration;
			buildSettings = {
				ALWAYS_SEARCH_USER_PATHS = NO;
				CLANG_CXX_LANGUAGE_STANDARD = "gnu++0x";
				CLANG_CXX_LIBRARY = "libc++";
				CLANG_ENABLE_MODULES = YES;
				CLANG_ENABLE_OBJC_ARC = YES;
				CLANG_WARN_BOOL_CONVERSION = YES;
				CLANG_WARN_CONSTANT_CONVERSION = YES;
				CLANG_WARN_DIRECT_OBJC_ISA_USAGE = YES_ERROR;
				CLANG_WARN_EMPTY_BODY = YES;
				CLANG_WARN_ENUM_CONVERSION = YES;
				CLANG_WARN_INT_CONVERSION = YES;
				CLANG_WARN_OBJC_ROOT_CLASS = YES_ERROR;
				CLANG_WARN_UNREACHABLE_CODE = YES;
				CLANG_WARN__DUPLICATE_METHOD_MATCH = YES;
				"CODE_SIGN_IDENTITY[sdk=iphoneos*]" = "iPhone Developer";
				COPY_PHASE_STRIP = NO;
				DEBUG_INFORMATION_FORMAT = dwarf;
				ENABLE_STRICT_OBJC_MSGSEND = YES;
				ENABLE_TESTABILITY = YES;
				GCC_C_LANGUAGE_STANDARD = gnu99;
				GCC_DYNAMIC_NO_PIC = NO;
				GCC_NO_COMMON_BLOCKS = YES;
				GCC_OPTIMIZATION_LEVEL = 0;
				GCC_PREPROCESSOR_DEFINITIONS = (
					"DEBUG=1",
					"$(inherited)",
				);
				GCC_WARN_64_TO_32_BIT_CONVERSION = YES;
				GCC_WARN_ABOUT_RETURN_TYPE = YES_ERROR;
				GCC_WARN_UNDECLARED_SELECTOR = YES;
				GCC_WARN_UNINITIALIZED_AUTOS = YES_AGGRESSIVE;
				GCC_WARN_UNUSED_FUNCTION = YES;
				GCC_WARN_UNUSED_VARIABLE = YES;
				IPHONEOS_DEPLOYMENT_TARGET = 9.2;
				MTL_ENABLE_DEBUG_INFO = YES;
				ONLY_ACTIVE_ARCH = YES;
				SDKROOT = iphoneos;
			};
			name = Debug;
		};
		5A25E07E1D06A60F00E5A652 /* Release */ = {
			isa = XCBuildConfiguration;
			buildSettings = {
				ALWAYS_SEARCH_USER_PATHS = NO;
				CLANG_CXX_LANGUAGE_STANDARD = "gnu++0x";
				CLANG_CXX_LIBRARY = "libc++";
				CLANG_ENABLE_MODULES = YES;
				CLANG_ENABLE_OBJC_ARC = YES;
				CLANG_WARN_BOOL_CONVERSION = YES;
				CLANG_WARN_CONSTANT_CONVERSION = YES;
				CLANG_WARN_DIRECT_OBJC_ISA_USAGE = YES_ERROR;
				CLANG_WARN_EMPTY_BODY = YES;
				CLANG_WARN_ENUM_CONVERSION = YES;
				CLANG_WARN_INT_CONVERSION = YES;
				CLANG_WARN_OBJC_ROOT_CLASS = YES_ERROR;
				CLANG_WARN_UNREACHABLE_CODE = YES;
				CLANG_WARN__DUPLICATE_METHOD_MATCH = YES;
				"CODE_SIGN_IDENTITY[sdk=iphoneos*]" = "iPhone Developer";
				COPY_PHASE_STRIP = NO;
				DEBUG_INFORMATION_FORMAT = "dwarf-with-dsym";
				ENABLE_NS_ASSERTIONS = NO;
				ENABLE_STRICT_OBJC_MSGSEND = YES;
				GCC_C_LANGUAGE_STANDARD = gnu99;
				GCC_NO_COMMON_BLOCKS = YES;
				GCC_WARN_64_TO_32_BIT_CONVERSION = YES;
				GCC_WARN_ABOUT_RETURN_TYPE = YES_ERROR;
				GCC_WARN_UNDECLARED_SELECTOR = YES;
				GCC_WARN_UNINITIALIZED_AUTOS = YES_AGGRESSIVE;
				GCC_WARN_UNUSED_FUNCTION = YES;
				GCC_WARN_UNUSED_VARIABLE = YES;
				IPHONEOS_DEPLOYMENT_TARGET = 9.2;
				MTL_ENABLE_DEBUG_INFO = NO;
				SDKROOT = iphoneos;
				VALIDATE_PRODUCT = YES;
			};
			name = Release;
		};
		5A25E0801D06A60F00E5A652 /* Debug */ = {
			isa = XCBuildConfiguration;
			buildSettings = {
				ASSETCATALOG_COMPILER_APPICON_NAME = AppIcon;
				INFOPLIST_FILE = "keyboard&input/Info.plist";
				IPHONEOS_DEPLOYMENT_TARGET = 7.0;
				LD_RUNPATH_SEARCH_PATHS = "$(inherited) @executable_path/Frameworks";
				PRODUCT_BUNDLE_IDENTIFIER = "com.liushuai.keyboard-input";
				PRODUCT_NAME = "$(TARGET_NAME)";
			};
			name = Debug;
		};
		5A25E0811D06A60F00E5A652 /* Release */ = {
			isa = XCBuildConfiguration;
			buildSettings = {
				ASSETCATALOG_COMPILER_APPICON_NAME = AppIcon;
				INFOPLIST_FILE = "keyboard&input/Info.plist";
				IPHONEOS_DEPLOYMENT_TARGET = 7.0;
				LD_RUNPATH_SEARCH_PATHS = "$(inherited) @executable_path/Frameworks";
				PRODUCT_BUNDLE_IDENTIFIER = "com.liushuai.keyboard-input";
				PRODUCT_NAME = "$(TARGET_NAME)";
			};
			name = Release;
		};
/* End XCBuildConfiguration section */

/* Begin XCConfigurationList section */
		5A25E0631D06A60E00E5A652 /* Build configuration list for PBXProject "keyboard&input" */ = {
			isa = XCConfigurationList;
			buildConfigurations = (
				5A25E07D1D06A60F00E5A652 /* Debug */,
				5A25E07E1D06A60F00E5A652 /* Release */,
			);
			defaultConfigurationIsVisible = 0;
			defaultConfigurationName = Release;
		};
		5A25E07F1D06A60F00E5A652 /* Build configuration list for PBXNativeTarget "keyboard&input" */ = {
			isa = XCConfigurationList;
			buildConfigurations = (
				5A25E0801D06A60F00E5A652 /* Debug */,
				5A25E0811D06A60F00E5A652 /* Release */,
			);
			defaultConfigurationIsVisible = 0;
			defaultConfigurationName = Release;
		};
/* End XCConfigurationList section */
	};
	rootObject = 5A25E0601D06A60E00E5A652 /* Project object */;
}
